Microsoft Visual Studio Solution File, Format Version 11.00
# Visual Studio 2008

Project("{9671FE57-8FCC-6503-1691-B6F53178CFED}") = "march-bmgj", "Assembly-CSharp.csproj", "{708BB14E-BA67-2036-E898-94B2047E5857}"
EndProject
Global
	GlobalSection(SolutionConfigurationPlatforms) = preSolution
		Debug|Any CPU = Debug|Any CPU
		Release|Any CPU = Release|Any CPU
	EndGlobalSection
	GlobalSection(ProjectConfigurationPlatforms) = postSolution
		{708BB14E-BA67-2036-E898-94B2047E5857}.Debug|Any CPU.ActiveCfg = Debug|Any CPU
		{708BB14E-BA67-2036-E898-94B2047E5857}.Debug|Any CPU.Build.0 = Debug|Any CPU
		{708BB14E-BA67-2036-E898-94B2047E5857}.Release|Any CPU.ActiveCfg = Release|Any CPU
		{708BB14E-BA67-2036-E898-94B2047E5857}.Release|Any CPU.Build.0 = Release|Any CPU
	EndGlobalSection
	GlobalSection(SolutionProperties) = preSolution
		HideSolutionNode = FALSE
	EndGlobalSection
	GlobalSection(MonoDevelopProperties) = preSolution
		StartupItem = Assembly-CSharp.csproj
	EndGlobalSection
EndGlobal
